
Microsoft Visual Studio Solution File, Format Version 12.00
# Visual Studio Version 17
VisualStudioVersion = 17.4.33213.308
MinimumVisualStudioVersion = 10.0.40219.1
Project("{9A19103F-16F7-4668-BE54-9A1E7A4F7556}") = "SmartTestTask", "SmartTestTask\SmartTestTask.csproj", "{37495341-DB7E-419B-AEE0-CCC411982825}"
EndProject
Project("{9A19103F-16F7-4668-BE54-9A1E7A4F7556}") = "SmartTestTaskData", "SmartTestTaskData\SmartTestTaskData.csproj", "{1CA77955-0AE9-4FC7-A2C8-B9843A733485}"
EndProject
Project("{9A19103F-16F7-4668-BE54-9A1E7A4F7556}") = "SmartTestTaskModel", "SmartTestTaskModel\SmartTestTaskModel.csproj", "{CFE25210-4242-4B1F-9843-1E161BC29820}"
EndProject
Project("{FAE04EC0-301F-11D3-BF4B-00C04F79EFBC}") = "SmartTestTaskTests", "SmartTestTaskTests\SmartTestTaskTests.csproj", "{96C7F545-B567-4425-8F6B-EBED34045898}"
EndProject
Global
	GlobalSection(SolutionConfigurationPlatforms) = preSolution
		Debug|Any CPU = Debug|Any CPU
		Release|Any CPU = Release|Any CPU
	EndGlobalSection
	GlobalSection(ProjectConfigurationPlatforms) = postSolution
		{37495341-DB7E-419B-AEE0-CCC411982825}.Debug|Any CPU.ActiveCfg = Debug|Any CPU
		{37495341-DB7E-419B-AEE0-CCC411982825}.Debug|Any CPU.Build.0 = Debug|Any CPU
		{37495341-DB7E-419B-AEE0-CCC411982825}.Release|Any CPU.ActiveCfg = Release|Any CPU
		{37495341-DB7E-419B-AEE0-CCC411982825}.Release|Any CPU.Build.0 = Release|Any CPU
		{1CA77955-0AE9-4FC7-A2C8-B9843A733485}.Debug|Any CPU.ActiveCfg = Debug|Any CPU
		{1CA77955-0AE9-4FC7-A2C8-B9843A733485}.Debug|Any CPU.Build.0 = Debug|Any CPU
		{1CA77955-0AE9-4FC7-A2C8-B9843A733485}.Release|Any CPU.ActiveCfg = Release|Any CPU
		{1CA77955-0AE9-4FC7-A2C8-B9843A733485}.Release|Any CPU.Build.0 = Release|Any CPU
		{CFE25210-4242-4B1F-9843-1E161BC29820}.Debug|Any CPU.ActiveCfg = Debug|Any CPU
		{CFE25210-4242-4B1F-9843-1E161BC29820}.Debug|Any CPU.Build.0 = Debug|Any CPU
		{CFE25210-4242-4B1F-9843-1E161BC29820}.Release|Any CPU.ActiveCfg = Release|Any CPU
		{CFE25210-4242-4B1F-9843-1E161BC29820}.Release|Any CPU.Build.0 = Release|Any CPU
		{96C7F545-B567-4425-8F6B-EBED34045898}.Debug|Any CPU.ActiveCfg = Debug|Any CPU
		{96C7F545-B567-4425-8F6B-EBED34045898}.Debug|Any CPU.Build.0 = Debug|Any CPU
		{96C7F545-B567-4425-8F6B-EBED34045898}.Release|Any CPU.ActiveCfg = Release|Any CPU
		{96C7F545-B567-4425-8F6B-EBED34045898}.Release|Any CPU.Build.0 = Release|Any CPU
	EndGlobalSection
	GlobalSection(SolutionProperties) = preSolution
		HideSolutionNode = FALSE
	EndGlobalSection
	GlobalSection(ExtensibilityGlobals) = postSolution
		SolutionGuid = {65604A8E-5DC2-4488-9E76-016EDB79284E}
	EndGlobalSection
EndGlobal
